
Microsoft Visual Studio Solution File, Format Version 12.00
# Visual Studio Version 16
VisualStudioVersion = 16.0.33529.622
MinimumVisualStudioVersion = 10.0.40219.1
Project("{FAE04EC0-301F-11D3-BF4B-00C04F79EFBC}") = "MidsProject", "MidsProject\MidsProject.csproj", "{8DD92713-682A-4FA9-AB31-8DBBA2D5D066}"
EndProject
Global
	GlobalSection(SolutionConfigurationPlatforms) = preSolution
		Debug|Any CPU = Debug|Any CPU
		Release|Any CPU = Release|Any CPU
	EndGlobalSection
	GlobalSection(ProjectConfigurationPlatforms) = postSolution
		{8DD92713-682A-4FA9-AB31-8DBBA2D5D066}.Debug|Any CPU.ActiveCfg = Debug|Any CPU
		{8DD92713-682A-4FA9-AB31-8DBBA2D5D066}.Debug|Any CPU.Build.0 = Debug|Any CPU
		{8DD92713-682A-4FA9-AB31-8DBBA2D5D066}.Release|Any CPU.ActiveCfg = Release|Any CPU
		{8DD92713-682A-4FA9-AB31-8DBBA2D5D066}.Release|Any CPU.Build.0 = Release|Any CPU
	EndGlobalSection
	GlobalSection(SolutionProperties) = preSolution
		HideSolutionNode = FALSE
	EndGlobalSection
	GlobalSection(ExtensibilityGlobals) = postSolution
		SolutionGuid = {3C867844-4A03-4EED-B9A5-A99A3B5E2D22}
	EndGlobalSection
EndGlobal
