
Microsoft Visual Studio Solution File, Format Version 12.00
# Visual Studio Version 17
VisualStudioVersion = 17.6.33829.357
MinimumVisualStudioVersion = 10.0.40219.1
Project("{FAE04EC0-301F-11D3-BF4B-00C04F79EFBC}") = "TankBusters", "TankBusters\TankBusters.csproj", "{D02E35A4-5FBD-4B41-B2D5-0FCC8558CA08}"
EndProject
Global
	GlobalSection(SolutionConfigurationPlatforms) = preSolution
		Debug|Any CPU = Debug|Any CPU
		Release|Any CPU = Release|Any CPU
	EndGlobalSection
	GlobalSection(ProjectConfigurationPlatforms) = postSolution
		{D02E35A4-5FBD-4B41-B2D5-0FCC8558CA08}.Debug|Any CPU.ActiveCfg = Debug|Any CPU
		{D02E35A4-5FBD-4B41-B2D5-0FCC8558CA08}.Debug|Any CPU.Build.0 = Debug|Any CPU
		{D02E35A4-5FBD-4B41-B2D5-0FCC8558CA08}.Release|Any CPU.ActiveCfg = Release|Any CPU
		{D02E35A4-5FBD-4B41-B2D5-0FCC8558CA08}.Release|Any CPU.Build.0 = Release|Any CPU
	EndGlobalSection
	GlobalSection(SolutionProperties) = preSolution
		HideSolutionNode = FALSE
	EndGlobalSection
	GlobalSection(ExtensibilityGlobals) = postSolution
		SolutionGuid = {0552CD8D-6F1B-4291-BF55-C4D42A7FD804}
	EndGlobalSection
EndGlobal
